
Microsoft Visual Studio Solution File, Format Version 12.00
# Visual Studio Version 16
VisualStudioVersion = 16.0.29926.136
MinimumVisualStudioVersion = 10.0.40219.1
Project("{FAE04EC0-301F-11D3-BF4B-00C04F79EFBC}") = "sporsalonu", "sporsalonu\sporsalonu.csproj", "{772EA182-5EB8-4172-9D70-8027A31E67E9}"
EndProject
Global
	GlobalSection(SolutionConfigurationPlatforms) = preSolution
		Debug|Any CPU = Debug|Any CPU
		Release|Any CPU = Release|Any CPU
	EndGlobalSection
	GlobalSection(ProjectConfigurationPlatforms) = postSolution
		{772EA182-5EB8-4172-9D70-8027A31E67E9}.Debug|Any CPU.ActiveCfg = Debug|Any CPU
		{772EA182-5EB8-4172-9D70-8027A31E67E9}.Debug|Any CPU.Build.0 = Debug|Any CPU
		{772EA182-5EB8-4172-9D70-8027A31E67E9}.Release|Any CPU.ActiveCfg = Release|Any CPU
		{772EA182-5EB8-4172-9D70-8027A31E67E9}.Release|Any CPU.Build.0 = Release|Any CPU
	EndGlobalSection
	GlobalSection(SolutionProperties) = preSolution
		HideSolutionNode = FALSE
	EndGlobalSection
	GlobalSection(ExtensibilityGlobals) = postSolution
		SolutionGuid = {ACB83B34-9E13-4388-8252-6F9A2EEDF81B}
	EndGlobalSection
EndGlobal
